
Microsoft Visual Studio Solution File, Format Version 12.00
# Visual Studio 15
VisualStudioVersion = 15.0.26730.12
MinimumVisualStudioVersion = 10.0.40219.1
Project("{9A19103F-16F7-4668-BE54-9A1E7A4F7556}") = "AspNetCoreApp.Service", "src\AspNetCoreApp.Service\AspNetCoreApp.Service.csproj", "{863A22D1-0A1B-4115-A825-C6F9E64AAAAF}"
EndProject
Project("{2150E333-8FDC-42A3-9474-1A3956D46DE8}") = "src", "src", "{D484789A-2DFC-44E1-9192-165369FEAEDF}"
EndProject
Project("{9A19103F-16F7-4668-BE54-9A1E7A4F7556}") = "AspNetCoreApp.Core", "src\AspNetCoreApp.Core\AspNetCoreApp.Core.csproj", "{D06EE472-8A2A-42A2-AA11-CA1CA9093148}"
EndProject
Global
	GlobalSection(SolutionConfigurationPlatforms) = preSolution
		Debug|Any CPU = Debug|Any CPU
		Release|Any CPU = Release|Any CPU
	EndGlobalSection
	GlobalSection(ProjectConfigurationPlatforms) = postSolution
		{863A22D1-0A1B-4115-A825-C6F9E64AAAAF}.Debug|Any CPU.ActiveCfg = Debug|Any CPU
		{863A22D1-0A1B-4115-A825-C6F9E64AAAAF}.Debug|Any CPU.Build.0 = Debug|Any CPU
		{863A22D1-0A1B-4115-A825-C6F9E64AAAAF}.Release|Any CPU.ActiveCfg = Release|Any CPU
		{863A22D1-0A1B-4115-A825-C6F9E64AAAAF}.Release|Any CPU.Build.0 = Release|Any CPU
		{D06EE472-8A2A-42A2-AA11-CA1CA9093148}.Debug|Any CPU.ActiveCfg = Debug|Any CPU
		{D06EE472-8A2A-42A2-AA11-CA1CA9093148}.Debug|Any CPU.Build.0 = Debug|Any CPU
		{D06EE472-8A2A-42A2-AA11-CA1CA9093148}.Release|Any CPU.ActiveCfg = Release|Any CPU
		{D06EE472-8A2A-42A2-AA11-CA1CA9093148}.Release|Any CPU.Build.0 = Release|Any CPU
	EndGlobalSection
	GlobalSection(SolutionProperties) = preSolution
		HideSolutionNode = FALSE
	EndGlobalSection
	GlobalSection(NestedProjects) = preSolution
		{863A22D1-0A1B-4115-A825-C6F9E64AAAAF} = {D484789A-2DFC-44E1-9192-165369FEAEDF}
		{D06EE472-8A2A-42A2-AA11-CA1CA9093148} = {D484789A-2DFC-44E1-9192-165369FEAEDF}
	EndGlobalSection
	GlobalSection(ExtensibilityGlobals) = postSolution
		SolutionGuid = {821D2BFF-8407-438E-A0CF-44FF84B124E1}
	EndGlobalSection
EndGlobal
